
Microsoft Visual Studio Solution File, Format Version 12.00
# Visual Studio Version 16
VisualStudioVersion = 16.0.29911.84
MinimumVisualStudioVersion = 10.0.40219.1
Project("{FAE04EC0-301F-11D3-BF4B-00C04F79EFBC}") = "data", "data\data.csproj", "{EF3B4BFB-19AA-4DE2-B1B3-549F9915A0DD}"
EndProject
Global
	GlobalSection(SolutionConfigurationPlatforms) = preSolution
		Debug|Any CPU = Debug|Any CPU
		Release|Any CPU = Release|Any CPU
	EndGlobalSection
	GlobalSection(ProjectConfigurationPlatforms) = postSolution
		{EF3B4BFB-19AA-4DE2-B1B3-549F9915A0DD}.Debug|Any CPU.ActiveCfg = Debug|Any CPU
		{EF3B4BFB-19AA-4DE2-B1B3-549F9915A0DD}.Debug|Any CPU.Build.0 = Debug|Any CPU
		{EF3B4BFB-19AA-4DE2-B1B3-549F9915A0DD}.Release|Any CPU.ActiveCfg = Release|Any CPU
		{EF3B4BFB-19AA-4DE2-B1B3-549F9915A0DD}.Release|Any CPU.Build.0 = Release|Any CPU
	EndGlobalSection
	GlobalSection(SolutionProperties) = preSolution
		HideSolutionNode = FALSE
	EndGlobalSection
	GlobalSection(ExtensibilityGlobals) = postSolution
		SolutionGuid = {2EAA0BAE-FD76-444C-A6C2-57B3AF5061D4}
	EndGlobalSection
EndGlobal
